// !$*UTF8*$!
{
	archiveVersion = 1;
	classes = {
	};
	objectVersion = 56;
	objects = {

/* Begin PBXBuildFile section */
		235D39CB2C8FD49600F1EFBD /* LoadingView.swift in Sources */ = {isa = PBXBuildFile; fileRef = 235D39CA2C8FD49600F1EFBD /* LoadingView.swift */; };
		235D39CD2C8FE11000F1EFBD /* AnalyzingView.swift in Sources */ = {isa = PBXBuildFile; fileRef = 235D39CC2C8FE11000F1EFBD /* AnalyzingView.swift */; };
		C71A23232C89F51600BBE447 /* VisionCollectApp.swift in Sources */ = {isa = PBXBuildFile; fileRef = C71A23222C89F51600BBE447 /* VisionCollectApp.swift */; };
		C71A23252C89F51600BBE447 /* ContentView.swift in Sources */ = {isa = PBXBuildFile; fileRef = C71A23242C89F51600BBE447 /* ContentView.swift */; };
		C71A23272C89F52C00BBE447 /* Assets.xcassets in Resources */ = {isa = PBXBuildFile; fileRef = C71A23262C89F52C00BBE447 /* Assets.xcassets */; };
		C71A232A2C89F52C00BBE447 /* Preview Assets.xcassets in Resources */ = {isa = PBXBuildFile; fileRef = C71A23292C89F52C00BBE447 /* Preview Assets.xcassets */; };
		C71A23312C89FA7100BBE447 /* CameraView.swift in Sources */ = {isa = PBXBuildFile; fileRef = C71A23302C89FA7100BBE447 /* CameraView.swift */; };
		C71A23332C89FAA400BBE447 /* MeasurementData.swift in Sources */ = {isa = PBXBuildFile; fileRef = C71A23322C89FAA400BBE447 /* MeasurementData.swift */; };
		C71A23372C89FD0C00BBE447 /* MeasurementHistoryView.swift in Sources */ = {isa = PBXBuildFile; fileRef = C71A23362C89FD0C00BBE447 /* MeasurementHistoryView.swift */; };
		C71A233C2C8A05FE00BBE447 /* PersistenceController.swift in Sources */ = {isa = PBXBuildFile; fileRef = C71A233B2C8A05FE00BBE447 /* PersistenceController.swift */; };
		C71A23432C8A0C0D00BBE447 /* OpenAIService.swift in Sources */ = {isa = PBXBuildFile; fileRef = C71A23422C8A0C0D00BBE447 /* OpenAIService.swift */; };
		C734D5762CC9979A0032A553 /* MeasurementModel.xcdatamodeld in Sources */ = {isa = PBXBuildFile; fileRef = C734D5732CC9979A0032A553 /* MeasurementModel.xcdatamodeld */; };
		C7C05E3D2C8A3C2E007148D6 /* MapView.swift in Sources */ = {isa = PBXBuildFile; fileRef = C7C05E3C2C8A3C2D007148D6 /* MapView.swift */; };
		C7C05E3F2C8A3C53007148D6 /* DataCollectionView.swift in Sources */ = {isa = PBXBuildFile; fileRef = C7C05E3E2C8A3C53007148D6 /* DataCollectionView.swift */; };
		C7C05E412C8A3C85007148D6 /* DashboardView.swift in Sources */ = {isa = PBXBuildFile; fileRef = C7C05E402C8A3C85007148D6 /* DashboardView.swift */; };
		C7C05E432C8A3E91007148D6 /* ProfileView.swift in Sources */ = {isa = PBXBuildFile; fileRef = C7C05E422C8A3E91007148D6 /* ProfileView.swift */; };
		C7C05E452C8A3F61007148D6 /* MeasurementDetailView.swift in Sources */ = {isa = PBXBuildFile; fileRef = C7C05E442C8A3F61007148D6 /* MeasurementDetailView.swift */; };
		C7C05E472C8A4B27007148D6 /* LocationManager.swift in Sources */ = {isa = PBXBuildFile; fileRef = C7C05E462C8A4B27007148D6 /* LocationManager.swift */; };
/* End PBXBuildFile section */

/* Begin PBXCopyFilesBuildPhase section */
		C78ACFD62C8A20450081907D /* Embed Frameworks */ = {
			isa = PBXCopyFilesBuildPhase;
			buildActionMask = 2147483647;
			dstPath = "";
			dstSubfolderSpec = 10;
			files = (
			);
			name = "Embed Frameworks";
			runOnlyForDeploymentPostprocessing = 0;
		};
/* End PBXCopyFilesBuildPhase section */

/* Begin PBXFileReference section */
		235D39CA2C8FD49600F1EFBD /* LoadingView.swift */ = {isa = PBXFileReference; lastKnownFileType = sourcecode.swift; path = LoadingView.swift; sourceTree = "<group>"; };
		235D39CC2C8FE11000F1EFBD /* AnalyzingView.swift */ = {isa = PBXFileReference; lastKnownFileType = sourcecode.swift; path = AnalyzingView.swift; sourceTree = "<group>"; };
		C71A231F2C89F51600BBE447 /* VisionCollect.app */ = {isa = PBXFileReference; explicitFileType = wrapper.application; includeInIndex = 0; path = VisionCollect.app; sourceTree = BUILT_PRODUCTS_DIR; };
		C71A23222C89F51600BBE447 /* VisionCollectApp.swift */ = {isa = PBXFileReference; lastKnownFileType = sourcecode.swift; path = VisionCollectApp.swift; sourceTree = "<group>"; };
		C71A23242C89F51600BBE447 /* ContentView.swift */ = {isa = PBXFileReference; lastKnownFileType = sourcecode.swift; path = ContentView.swift; sourceTree = "<group>"; };
		C71A23262C89F52C00BBE447 /* Assets.xcassets */ = {isa = PBXFileReference; lastKnownFileType = folder.assetcatalog; path = Assets.xcassets; sourceTree = "<group>"; };
		C71A23292C89F52C00BBE447 /* Preview Assets.xcassets */ = {isa = PBXFileReference; lastKnownFileType = folder.assetcatalog; path = "Preview Assets.xcassets"; sourceTree = "<group>"; };
		C71A23302C89FA7100BBE447 /* CameraView.swift */ = {isa = PBXFileReference; lastKnownFileType = sourcecode.swift; path = CameraView.swift; sourceTree = "<group>"; };
		C71A23322C89FAA400BBE447 /* MeasurementData.swift */ = {isa = PBXFileReference; lastKnownFileType = sourcecode.swift; path = MeasurementData.swift; sourceTree = "<group>"; };
		C71A23362C89FD0C00BBE447 /* MeasurementHistoryView.swift */ = {isa = PBXFileReference; lastKnownFileType = sourcecode.swift; path = MeasurementHistoryView.swift; sourceTree = "<group>"; };
		C71A233B2C8A05FE00BBE447 /* PersistenceController.swift */ = {isa = PBXFileReference; lastKnownFileType = sourcecode.swift; path = PersistenceController.swift; sourceTree = "<group>"; };
		C71A23422C8A0C0D00BBE447 /* OpenAIService.swift */ = {isa = PBXFileReference; lastKnownFileType = sourcecode.swift; path = OpenAIService.swift; sourceTree = "<group>"; };
		C734D5742CC9979A0032A553 /* MeasurementModel.xcdatamodel */ = {isa = PBXFileReference; lastKnownFileType = wrapper.xcdatamodel; path = MeasurementModel.xcdatamodel; sourceTree = "<group>"; };
		C734D5752CC9979A0032A553 /* MeasurementModel v2.xcdatamodel */ = {isa = PBXFileReference; lastKnownFileType = wrapper.xcdatamodel; path = "MeasurementModel v2.xcdatamodel"; sourceTree = "<group>"; };
		C7C05E3C2C8A3C2D007148D6 /* MapView.swift */ = {isa = PBXFileReference; lastKnownFileType = sourcecode.swift; path = MapView.swift; sourceTree = "<group>"; };
		C7C05E3E2C8A3C53007148D6 /* DataCollectionView.swift */ = {isa = PBXFileReference; lastKnownFileType = sourcecode.swift; path = DataCollectionView.swift; sourceTree = "<group>"; };
		C7C05E402C8A3C85007148D6 /* DashboardView.swift */ = {isa = PBXFileReference; lastKnownFileType = sourcecode.swift; path = DashboardView.swift; sourceTree = "<group>"; };
		C7C05E422C8A3E91007148D6 /* ProfileView.swift */ = {isa = PBXFileReference; lastKnownFileType = sourcecode.swift; path = ProfileView.swift; sourceTree = "<group>"; };
		C7C05E442C8A3F61007148D6 /* MeasurementDetailView.swift */ = {isa = PBXFileReference; lastKnownFileType = sourcecode.swift; path = MeasurementDetailView.swift; sourceTree = "<group>"; };
		C7C05E462C8A4B27007148D6 /* LocationManager.swift */ = {isa = PBXFileReference; lastKnownFileType = sourcecode.swift; path = LocationManager.swift; sourceTree = "<group>"; };
/* End PBXFileReference section */

/* Begin PBXFrameworksBuildPhase section */
		C71A231C2C89F51600BBE447 /* Frameworks */ = {
			isa = PBXFrameworksBuildPhase;
			buildActionMask = 2147483647;
			files = (
			);
			runOnlyForDeploymentPostprocessing = 0;
		};
/* End PBXFrameworksBuildPhase section */

/* Begin PBXGroup section */
		C71A23162C89F51600BBE447 = {
			isa = PBXGroup;
			children = (
				C7C05E462C8A4B27007148D6 /* LocationManager.swift */,
				C7C05E422C8A3E91007148D6 /* ProfileView.swift */,
				C7C05E442C8A3F61007148D6 /* MeasurementDetailView.swift */,
				C7C05E3C2C8A3C2D007148D6 /* MapView.swift */,
				C7C05E3E2C8A3C53007148D6 /* DataCollectionView.swift */,
				C7C05E402C8A3C85007148D6 /* DashboardView.swift */,
				C71A23422C8A0C0D00BBE447 /* OpenAIService.swift */,
				C71A23212C89F51600BBE447 /* VisionCollect */,
				C71A23202C89F51600BBE447 /* Products */,
				C734D5732CC9979A0032A553 /* MeasurementModel.xcdatamodeld */,
			);
			sourceTree = "<group>";
		};
		C71A23202C89F51600BBE447 /* Products */ = {
			isa = PBXGroup;
			children = (
				C71A231F2C89F51600BBE447 /* VisionCollect.app */,
			);
			name = Products;
			sourceTree = "<group>";
		};
		C71A23212C89F51600BBE447 /* VisionCollect */ = {
			isa = PBXGroup;
			children = (
				C71A23222C89F51600BBE447 /* VisionCollectApp.swift */,
				C71A23242C89F51600BBE447 /* ContentView.swift */,
				C71A233B2C8A05FE00BBE447 /* PersistenceController.swift */,
				C71A23362C89FD0C00BBE447 /* MeasurementHistoryView.swift */,
				C71A23302C89FA7100BBE447 /* CameraView.swift */,
				C71A23322C89FAA400BBE447 /* MeasurementData.swift */,
				C71A23262C89F52C00BBE447 /* Assets.xcassets */,
				235D39CC2C8FE11000F1EFBD /* AnalyzingView.swift */,
				235D39CA2C8FD49600F1EFBD /* LoadingView.swift */,
				C71A23282C89F52C00BBE447 /* Preview Content */,
			);
			path = VisionCollect;
			sourceTree = "<group>";
		};
		C71A23282C89F52C00BBE447 /* Preview Content */ = {
			isa = PBXGroup;
			children = (
				C71A23292C89F52C00BBE447 /* Preview Assets.xcassets */,
			);
			path = "Preview Content";
			sourceTree = "<group>";
		};
/* End PBXGroup section */

/* Begin PBXNativeTarget section */
		C71A231E2C89F51600BBE447 /* VisionCollect */ = {
			isa = PBXNativeTarget;
			buildConfigurationList = C71A232D2C89F52C00BBE447 /* Build configuration list for PBXNativeTarget "VisionCollect" */;
			buildPhases = (
				C71A231B2C89F51600BBE447 /* Sources */,
				C71A231C2C89F51600BBE447 /* Frameworks */,
				C71A231D2C89F51600BBE447 /* Resources */,
				C78ACFD62C8A20450081907D /* Embed Frameworks */,
			);
			buildRules = (
			);
			dependencies = (
			);
			name = VisionCollect;
			packageProductDependencies = (
			);
			productName = VisionCollect;
			productReference = C71A231F2C89F51600BBE447 /* VisionCollect.app */;
			productType = "com.apple.product-type.application";
		};
/* End PBXNativeTarget section */

/* Begin PBXProject section */
		C71A23172C89F51600BBE447 /* Project object */ = {
			isa = PBXProject;
			attributes = {
				BuildIndependentTargetsInParallel = 1;
				LastSwiftUpdateCheck = 1540;
				LastUpgradeCheck = 1540;
				TargetAttributes = {
					C71A231E2C89F51600BBE447 = {
						CreatedOnToolsVersion = 15.4;
					};
				};
			};
			buildConfigurationList = C71A231A2C89F51600BBE447 /* Build configuration list for PBXProject "VisionCollect" */;
			compatibilityVersion = "Xcode 14.0";
			developmentRegion = en;
			hasScannedForEncodings = 0;
			knownRegions = (
				en,
				Base,
			);
			mainGroup = C71A23162C89F51600BBE447;
			packageReferences = (
			);
			productRefGroup = C71A23202C89F51600BBE447 /* Products */;
			projectDirPath = "";
			projectRoot = "";
			targets = (
				C71A231E2C89F51600BBE447 /* VisionCollect */,
			);
		};
/* End PBXProject section */

/* Begin PBXResourcesBuildPhase section */
		C71A231D2C89F51600BBE447 /* Resources */ = {
			isa = PBXResourcesBuildPhase;
			buildActionMask = 2147483647;
			files = (
				C71A232A2C89F52C00BBE447 /* Preview Assets.xcassets in Resources */,
				C71A23272C89F52C00BBE447 /* Assets.xcassets in Resources */,
			);
			runOnlyForDeploymentPostprocessing = 0;
		};
/* End PBXResourcesBuildPhase section */

/* Begin PBXSourcesBuildPhase section */
		C71A231B2C89F51600BBE447 /* Sources */ = {
			isa = PBXSourcesBuildPhase;
			buildActionMask = 2147483647;
			files = (
				C7C05E3F2C8A3C53007148D6 /* DataCollectionView.swift in Sources */,
				C71A23332C89FAA400BBE447 /* MeasurementData.swift in Sources */,
				C7C05E452C8A3F61007148D6 /* MeasurementDetailView.swift in Sources */,
				C71A233C2C8A05FE00BBE447 /* PersistenceController.swift in Sources */,
				C71A23312C89FA7100BBE447 /* CameraView.swift in Sources */,
				235D39CD2C8FE11000F1EFBD /* AnalyzingView.swift in Sources */,
				C7C05E432C8A3E91007148D6 /* ProfileView.swift in Sources */,
				C71A23432C8A0C0D00BBE447 /* OpenAIService.swift in Sources */,
				235D39CB2C8FD49600F1EFBD /* LoadingView.swift in Sources */,
				C71A23252C89F51600BBE447 /* ContentView.swift in Sources */,
				C7C05E412C8A3C85007148D6 /* DashboardView.swift in Sources */,
				C71A23372C89FD0C00BBE447 /* MeasurementHistoryView.swift in Sources */,
				C734D5762CC9979A0032A553 /* MeasurementModel.xcdatamodeld in Sources */,
				C7C05E472C8A4B27007148D6 /* LocationManager.swift in Sources */,
				C7C05E3D2C8A3C2E007148D6 /* MapView.swift in Sources */,
				C71A23232C89F51600BBE447 /* VisionCollectApp.swift in Sources */,
			);
			runOnlyForDeploymentPostprocessing = 0;
		};
/* End PBXSourcesBuildPhase section */

/* Begin XCBuildConfiguration section */
		C71A232B2C89F52C00BBE447 /* Debug */ = {
			isa = XCBuildConfiguration;
			buildSettings = {
				ALWAYS_SEARCH_USER_PATHS = NO;
				ASSETCATALOG_COMPILER_GENERATE_SWIFT_ASSET_SYMBOL_EXTENSIONS = YES;
				CLANG_ANALYZER_NONNULL = YES;
				CLANG_ANALYZER_NUMBER_OBJECT_CONVERSION = YES_AGGRESSIVE;
				CLANG_CXX_LANGUAGE_STANDARD = "gnu++20";
				CLANG_ENABLE_MODULES = YES;
				CLANG_ENABLE_OBJC_ARC = YES;
				CLANG_ENABLE_OBJC_WEAK = YES;
				CLANG_WARN_BLOCK_CAPTURE_AUTORELEASING = YES;
				CLANG_WARN_BOOL_CONVERSION = YES;
				CLANG_WARN_COMMA = YES;
				CLANG_WARN_CONSTANT_CONVERSION = YES;
				CLANG_WARN_DEPRECATED_OBJC_IMPLEMENTATIONS = YES;
				CLANG_WARN_DIRECT_OBJC_ISA_USAGE = YES_ERROR;
				CLANG_WARN_DOCUMENTATION_COMMENTS = YES;
				CLANG_WARN_EMPTY_BODY = YES;
				CLANG_WARN_ENUM_CONVERSION = YES;
				CLANG_WARN_INFINITE_RECURSION = YES;
				CLANG_WARN_INT_CONVERSION = YES;
				CLANG_WARN_NON_LITERAL_NULL_CONVERSION = YES;
				CLANG_WARN_OBJC_IMPLICIT_RETAIN_SELF = YES;
				CLANG_WARN_OBJC_LITERAL_CONVERSION = YES;
				CLANG_WARN_OBJC_ROOT_CLASS = YES_ERROR;
				CLANG_WARN_QUOTED_INCLUDE_IN_FRAMEWORK_HEADER = YES;
				CLANG_WARN_RANGE_LOOP_ANALYSIS = YES;
				CLANG_WARN_STRICT_PROTOTYPES = YES;
				CLANG_WARN_SUSPICIOUS_MOVE = YES;
				CLANG_WARN_UNGUARDED_AVAILABILITY = YES_AGGRESSIVE;
				CLANG_WARN_UNREACHABLE_CODE = YES;
				CLANG_WARN__DUPLICATE_METHOD_MATCH = YES;
				COPY_PHASE_STRIP = NO;
				DEBUG_INFORMATION_FORMAT = dwarf;
				ENABLE_STRICT_OBJC_MSGSEND = YES;
				ENABLE_TESTABILITY = YES;
				ENABLE_USER_SCRIPT_SANDBOXING = YES;
				GCC_C_LANGUAGE_STANDARD = gnu17;
				GCC_DYNAMIC_NO_PIC = NO;
				GCC_NO_COMMON_BLOCKS = YES;
				GCC_OPTIMIZATION_LEVEL = 0;
				GCC_PREPROCESSOR_DEFINITIONS = (
					"DEBUG=1",
					"$(inherited)",
				);
				GCC_WARN_64_TO_32_BIT_CONVERSION = YES;
				GCC_WARN_ABOUT_RETURN_TYPE = YES_ERROR;
				GCC_WARN_UNDECLARED_SELECTOR = YES;
				GCC_WARN_UNINITIALIZED_AUTOS = YES_AGGRESSIVE;
				GCC_WARN_UNUSED_FUNCTION = YES;
				GCC_WARN_UNUSED_VARIABLE = YES;
				IPHONEOS_DEPLOYMENT_TARGET = 18.0;
				LOCALIZATION_PREFERS_STRING_CATALOGS = YES;
				MACH_O_TYPE = staticlib;
				MTL_ENABLE_DEBUG_INFO = INCLUDE_SOURCE;
				MTL_FAST_MATH = YES;
				ONLY_ACTIVE_ARCH = YES;
				"OTHER_LDFLAGS[arch=*]" = "-ObjC";
				SDKROOT = iphoneos;
				SWIFT_ACTIVE_COMPILATION_CONDITIONS = "DEBUG $(inherited)";
				SWIFT_OPTIMIZATION_LEVEL = "-Onone";
			};
			name = Debug;
		};
		C71A232C2C89F52C00BBE447 /* Release */ = {
			isa = XCBuildConfiguration;
			buildSettings = {
				ALWAYS_SEARCH_USER_PATHS = NO;
				ASSETCATALOG_COMPILER_GENERATE_SWIFT_ASSET_SYMBOL_EXTENSIONS = YES;
				CLANG_ANALYZER_NONNULL = YES;
				CLANG_ANALYZER_NUMBER_OBJECT_CONVERSION = YES_AGGRESSIVE;
				CLANG_CXX_LANGUAGE_STANDARD = "gnu++20";
				CLANG_ENABLE_MODULES = YES;
				CLANG_ENABLE_OBJC_ARC = YES;
				CLANG_ENABLE_OBJC_WEAK = YES;
				CLANG_WARN_BLOCK_CAPTURE_AUTORELEASING = YES;
				CLANG_WARN_BOOL_CONVERSION = YES;
				CLANG_WARN_COMMA = YES;
				CLANG_WARN_CONSTANT_CONVERSION = YES;
				CLANG_WARN_DEPRECATED_OBJC_IMPLEMENTATIONS = YES;
				CLANG_WARN_DIRECT_OBJC_ISA_USAGE = YES_ERROR;
				CLANG_WARN_DOCUMENTATION_COMMENTS = YES;
				CLANG_WARN_EMPTY_BODY = YES;
				CLANG_WARN_ENUM_CONVERSION = YES;
				CLANG_WARN_INFINITE_RECURSION = YES;
				CLANG_WARN_INT_CONVERSION = YES;
				CLANG_WARN_NON_LITERAL_NULL_CONVERSION = YES;
				CLANG_WARN_OBJC_IMPLICIT_RETAIN_SELF = YES;
				CLANG_WARN_OBJC_LITERAL_CONVERSION = YES;
				CLANG_WARN_OBJC_ROOT_CLASS = YES_ERROR;
				CLANG_WARN_QUOTED_INCLUDE_IN_FRAMEWORK_HEADER = YES;
				CLANG_WARN_RANGE_LOOP_ANALYSIS = YES;
				CLANG_WARN_STRICT_PROTOTYPES = YES;
				CLANG_WARN_SUSPICIOUS_MOVE = YES;
				CLANG_WARN_UNGUARDED_AVAILABILITY = YES_AGGRESSIVE;
				CLANG_WARN_UNREACHABLE_CODE = YES;
				CLANG_WARN__DUPLICATE_METHOD_MATCH = YES;
				COPY_PHASE_STRIP = NO;
				DEBUG_INFORMATION_FORMAT = "dwarf-with-dsym";
				ENABLE_NS_ASSERTIONS = NO;
				ENABLE_STRICT_OBJC_MSGSEND = YES;
				ENABLE_USER_SCRIPT_SANDBOXING = YES;
				GCC_C_LANGUAGE_STANDARD = gnu17;
				GCC_NO_COMMON_BLOCKS = YES;
				GCC_WARN_64_TO_32_BIT_CONVERSION = YES;
				GCC_WARN_ABOUT_RETURN_TYPE = YES_ERROR;
				GCC_WARN_UNDECLARED_SELECTOR = YES;
				GCC_WARN_UNINITIALIZED_AUTOS = YES_AGGRESSIVE;
				GCC_WARN_UNUSED_FUNCTION = YES;
				GCC_WARN_UNUSED_VARIABLE = YES;
				IPHONEOS_DEPLOYMENT_TARGET = 18.0;
				LOCALIZATION_PREFERS_STRING_CATALOGS = YES;
				MACH_O_TYPE = staticlib;
				MTL_ENABLE_DEBUG_INFO = NO;
				MTL_FAST_MATH = YES;
				OTHER_LDFLAGS = "-ObjC";
				SDKROOT = iphoneos;
				SWIFT_COMPILATION_MODE = wholemodule;
				VALIDATE_PRODUCT = YES;
			};
			name = Release;
		};
		C71A232E2C89F52C00BBE447 /* Debug */ = {
			isa = XCBuildConfiguration;
			buildSettings = {
				ASSETCATALOG_COMPILER_APPICON_NAME = AppIcon;
				"ASSETCATALOG_COMPILER_APPICON_NAME[sdk=iphoneos*]" = AppIcon;
				ASSETCATALOG_COMPILER_GLOBAL_ACCENT_COLOR_NAME = AccentColor;
				ASSETCATALOG_COMPILER_INCLUDE_ALL_APPICON_ASSETS = NO;
				CODE_SIGN_IDENTITY = "Apple Development";
				CODE_SIGN_STYLE = Automatic;
				CURRENT_PROJECT_VERSION = 1;
				DEVELOPMENT_ASSET_PATHS = "\"VisionCollect/Preview Content\"";
				DEVELOPMENT_TEAM = C7HW8S38EK;
				ENABLE_PREVIEWS = YES;
				GENERATE_INFOPLIST_FILE = YES;
				INFOPLIST_KEY_CFBundleDisplayName = "Vision Collect";
				INFOPLIST_KEY_LSApplicationCategoryType = "public.app-category.productivity";
				INFOPLIST_KEY_NSCameraUsageDescription = "This app needs access to the camera to take photos of instrument displays.";
				INFOPLIST_KEY_NSLocationWhenInUseUsageDescription = "This app needs access to your location to record where measurements were taken.";
				INFOPLIST_KEY_UIApplicationSceneManifest_Generation = YES;
				INFOPLIST_KEY_UIApplicationSupportsIndirectInputEvents = YES;
				INFOPLIST_KEY_UILaunchScreen_Generation = YES;
				INFOPLIST_KEY_UISupportedInterfaceOrientations_iPad = "UIInterfaceOrientationPortrait UIInterfaceOrientationPortraitUpsideDown UIInterfaceOrientationLandscapeLeft UIInterfaceOrientationLandscapeRight";
				INFOPLIST_KEY_UISupportedInterfaceOrientations_iPhone = "UIInterfaceOrientationPortrait UIInterfaceOrientationLandscapeLeft UIInterfaceOrientationLandscapeRight";
				LD_RUNPATH_SEARCH_PATHS = (
					"$(inherited)",
					"@executable_path/Frameworks",
				);
				MACH_O_TYPE = "";
				MARKETING_VERSION = 1.0;
				ONLY_ACTIVE_ARCH = NO;
				PRODUCT_BUNDLE_IDENTIFIER = C7HW8S38EK.com.cteh.visionCollect;
				PRODUCT_NAME = "$(TARGET_NAME)";
				PROVISIONING_PROFILE_SPECIFIER = "";
				SWIFT_EMIT_LOC_STRINGS = YES;
				SWIFT_VERSION = 5.0;
				TARGETED_DEVICE_FAMILY = "1,2";
			};
			name = Debug;
		};
		C71A232F2C89F52C00BBE447 /* Release */ = {
			isa = XCBuildConfiguration;
			buildSettings = {
				ASSETCATALOG_COMPILER_APPICON_NAME = AppIcon;
				"ASSETCATALOG_COMPILER_APPICON_NAME[sdk=iphoneos*]" = AppIcon;
				ASSETCATALOG_COMPILER_GLOBAL_ACCENT_COLOR_NAME = AccentColor;
				ASSETCATALOG_COMPILER_INCLUDE_ALL_APPICON_ASSETS = NO;
				CODE_SIGN_IDENTITY = "Apple Development";
				CODE_SIGN_STYLE = Automatic;
				CURRENT_PROJECT_VERSION = 1;
				DEVELOPMENT_ASSET_PATHS = "\"VisionCollect/Preview Content\"";
				DEVELOPMENT_TEAM = C7HW8S38EK;
				ENABLE_PREVIEWS = YES;
				GENERATE_INFOPLIST_FILE = YES;
				INFOPLIST_KEY_CFBundleDisplayName = "Vision Collect";
				INFOPLIST_KEY_LSApplicationCategoryType = "public.app-category.productivity";
				INFOPLIST_KEY_NSCameraUsageDescription = "This app needs access to the camera to take photos of instrument displays.";
				INFOPLIST_KEY_NSLocationWhenInUseUsageDescription = "This app needs access to your location to record where measurements were taken.";
				INFOPLIST_KEY_UIApplicationSceneManifest_Generation = YES;
				INFOPLIST_KEY_UIApplicationSupportsIndirectInputEvents = YES;
				INFOPLIST_KEY_UILaunchScreen_Generation = YES;
				INFOPLIST_KEY_UISupportedInterfaceOrientations_iPad = "UIInterfaceOrientationPortrait UIInterfaceOrientationPortraitUpsideDown UIInterfaceOrientationLandscapeLeft UIInterfaceOrientationLandscapeRight";
				INFOPLIST_KEY_UISupportedInterfaceOrientations_iPhone = "UIInterfaceOrientationPortrait UIInterfaceOrientationLandscapeLeft UIInterfaceOrientationLandscapeRight";
				LD_RUNPATH_SEARCH_PATHS = (
					"$(inherited)",
					"@executable_path/Frameworks",
				);
				MACH_O_TYPE = "";
				MARKETING_VERSION = 1.0;
				PRODUCT_BUNDLE_IDENTIFIER = C7HW8S38EK.com.cteh.visionCollect;
				PRODUCT_NAME = "$(TARGET_NAME)";
				PROVISIONING_PROFILE_SPECIFIER = "";
				SWIFT_EMIT_LOC_STRINGS = YES;
				SWIFT_VERSION = 5.0;
				TARGETED_DEVICE_FAMILY = "1,2";
				VALIDATE_PRODUCT = YES;
			};
			name = Release;
		};
/* End XCBuildConfiguration section */

/* Begin XCConfigurationList section */
		C71A231A2C89F51600BBE447 /* Build configuration list for PBXProject "VisionCollect" */ = {
			isa = XCConfigurationList;
			buildConfigurations = (
				C71A232B2C89F52C00BBE447 /* Debug */,
				C71A232C2C89F52C00BBE447 /* Release */,
			);
			defaultConfigurationIsVisible = 0;
			defaultConfigurationName = Release;
		};
		C71A232D2C89F52C00BBE447 /* Build configuration list for PBXNativeTarget "VisionCollect" */ = {
			isa = XCConfigurationList;
			buildConfigurations = (
				C71A232E2C89F52C00BBE447 /* Debug */,
				C71A232F2C89F52C00BBE447 /* Release */,
			);
			defaultConfigurationIsVisible = 0;
			defaultConfigurationName = Release;
		};
/* End XCConfigurationList section */

/* Begin XCVersionGroup section */
		C734D5732CC9979A0032A553 /* MeasurementModel.xcdatamodeld */ = {
			isa = XCVersionGroup;
			children = (
				C734D5742CC9979A0032A553 /* MeasurementModel.xcdatamodel */,
				C734D5752CC9979A0032A553 /* MeasurementModel v2.xcdatamodel */,
			);
			currentVersion = C734D5752CC9979A0032A553 /* MeasurementModel v2.xcdatamodel */;
			name = MeasurementModel.xcdatamodeld;
			path = VisionCollect/MeasurementModel.xcdatamodeld;
			sourceTree = "<group>";
			versionGroupType = wrapper.xcdatamodel;
		};
/* End XCVersionGroup section */
	};
	rootObject = C71A23172C89F51600BBE447 /* Project object */;
}
